{"1.1.0",
[{<<"hackney">>,{pkg,<<"hackney">>,<<"1.1.0">>},0},
 {<<"idna">>,{pkg,<<"idna">>,<<"1.0.2">>},1},
 {<<"jsx">>,{pkg,<<"jsx">>,<<"2.6.2">>},0},
 {<<"ssl_verify_hostname">>,{pkg,<<"ssl_verify_hostname">>,<<"1.0.5">>},1}]}.
[
{pkg_hash,[
 {<<"hackney">>, <<"E999EF5FBD9D199B00953B26CBCB4396402E8E4FCA6D2C48501253D98BD63723">>},
 {<<"idna">>, <<"397E3D001C002319DA75759B0A81156BF11849C71D565162436D50020CB7265E">>},
 {<<"jsx">>, <<"213721E058DA0587A4BCE3CC8A00FF6684CED229C8F9223245C6FF2C88FBAA5A">>},
 {<<"ssl_verify_hostname">>, <<"2E73E068CD6393526F9FA6D399353D7C9477D6886BA005F323B592D389FB47BE">>}]}
].
